<?xml version="1.0" encoding="UTF-8"?>
<Scheme
   version = "1.3">
   <BuildAction>
      <BuildActionEntries>
         <BuildActionEntry
            buildForRunning = "YES">
            <BuildableReference
               BuildableIdentifier = "primary"
               BlueprintIdentifier = "D13508E52236C9AF00AD5D61"
               BuildableName = "Rx_Observable_Test03.app"
               BlueprintName = "Rx_Observable_Test03"
               ReferencedContainer = "container:Rx_Observable_Test03.xcodeproj">
            </BuildableReference>
         </BuildActionEntry>
      </BuildActionEntries>
   </BuildAction>
   <LaunchAction
      useCustomWorkingDirectory = "NO"
      buildConfiguration = "Debug"
      allowLocationSimulation = "YES">
      <BuildableProductRunnable>
         <BuildableReference
            BuildableIdentifier = "primary"
            BlueprintIdentifier = "D13508E52236C9AF00AD5D61"
            BuildableName = "Rx_Observable_Test03.app"
            BlueprintName = "Rx_Observable_Test03"
            ReferencedContainer = "container:Rx_Observable_Test03.xcodeproj">
         </BuildableReference>
      </BuildableProductRunnable>
   </LaunchAction>
</Scheme>
