// !$*UTF8*$!
{
	archiveVersion = 1;
	classes = {
	};
	objectVersion = 50;
	objects = {

/* Begin PBXBuildFile section */
		0D45FE073EBD3D29E86E179B /* Pods_Rx_Observable_Test03.framework in Frameworks */ = {isa = PBXBuildFile; fileRef = C126F36C4B1CBACEF6B6C9DC /* Pods_Rx_Observable_Test03.framework */; };
		D13508EA2236C9AF00AD5D61 /* AppDelegate.swift in Sources */ = {isa = PBXBuildFile; fileRef = D13508E92236C9AF00AD5D61 /* AppDelegate.swift */; };
		D13508EC2236C9AF00AD5D61 /* ViewController.swift in Sources */ = {isa = PBXBuildFile; fileRef = D13508EB2236C9AF00AD5D61 /* ViewController.swift */; };
		D13508EF2236C9AF00AD5D61 /* Main.storyboard in Resources */ = {isa = PBXBuildFile; fileRef = D13508ED2236C9AF00AD5D61 /* Main.storyboard */; };
		D13508F22236C9AF00AD5D61 /* Rx_Observable_Test03.xcdatamodeld in Sources */ = {isa = PBXBuildFile; fileRef = D13508F02236C9AF00AD5D61 /* Rx_Observable_Test03.xcdatamodeld */; };
		D13508F42236C9D600AD5D61 /* Assets.xcassets in Resources */ = {isa = PBXBuildFile; fileRef = D13508F32236C9D600AD5D61 /* Assets.xcassets */; };
		D13508F72236C9D600AD5D61 /* LaunchScreen.storyboard in Resources */ = {isa = PBXBuildFile; fileRef = D13508F52236C9D600AD5D61 /* LaunchScreen.storyboard */; };
		D1613B862242D44200837D2B /* CategoryColletionCell.swift in Sources */ = {isa = PBXBuildFile; fileRef = D1613B842242D44200837D2B /* CategoryColletionCell.swift */; };
		D1613B872242D44200837D2B /* CategoryColletionCell.xib in Resources */ = {isa = PBXBuildFile; fileRef = D1613B852242D44200837D2B /* CategoryColletionCell.xib */; };
		D1613B892242E17000837D2B /* Test03.jpg in Resources */ = {isa = PBXBuildFile; fileRef = D1613B882242E16F00837D2B /* Test03.jpg */; };
		D1613B8C2253E4BF00837D2B /* LoginViewController.swift in Sources */ = {isa = PBXBuildFile; fileRef = D1613B8B2253E4BF00837D2B /* LoginViewController.swift */; };
		D1613B8E2253E83A00837D2B /* UIMainNaviViewController.swift in Sources */ = {isa = PBXBuildFile; fileRef = D1613B8D2253E83A00837D2B /* UIMainNaviViewController.swift */; };
		D18FF31B2240122D0020C698 /* Test01.jpg in Resources */ = {isa = PBXBuildFile; fileRef = D18FF31A2240122C0020C698 /* Test01.jpg */; };
		D1AF3144224158EF004CB64A /* CustomCollectionCell.swift in Sources */ = {isa = PBXBuildFile; fileRef = D1AF3142224158EF004CB64A /* CustomCollectionCell.swift */; };
		D1AF3145224158EF004CB64A /* CustomCollectionCell.xib in Resources */ = {isa = PBXBuildFile; fileRef = D1AF3143224158EF004CB64A /* CustomCollectionCell.xib */; };
		D1AF314722417EA3004CB64A /* MainHeaderView.swift in Sources */ = {isa = PBXBuildFile; fileRef = D1AF314622417EA3004CB64A /* MainHeaderView.swift */; };
		FF18E997225E51C600AD7DF2 /* TotalLoginViewController.swift in Sources */ = {isa = PBXBuildFile; fileRef = FF18E996225E51C600AD7DF2 /* TotalLoginViewController.swift */; };
		FF18E999225E6B8000AD7DF2 /* UITotalLoginNaviViewController.swift in Sources */ = {isa = PBXBuildFile; fileRef = FF18E998225E6B8000AD7DF2 /* UITotalLoginNaviViewController.swift */; };
		FF18E99F225E7D2700AD7DF2 /* OauthGoolgeLoginx2.png in Resources */ = {isa = PBXBuildFile; fileRef = FF18E99E225E7D2700AD7DF2 /* OauthGoolgeLoginx2.png */; };
		FF18E9A92264F01700AD7DF2 /* Kakaologin.png in Resources */ = {isa = PBXBuildFile; fileRef = FF18E9A82264F01700AD7DF2 /* Kakaologin.png */; };
		FF18E9AD226501E300AD7DF2 /* GoogleLoginSmall.png in Resources */ = {isa = PBXBuildFile; fileRef = FF18E9AC226501E300AD7DF2 /* GoogleLoginSmall.png */; };
		FF18E9B1226608C600AD7DF2 /* message02.png in Resources */ = {isa = PBXBuildFile; fileRef = FF18E9B0226608C600AD7DF2 /* message02.png */; };
		FF18E9B32266092400AD7DF2 /* message01.png in Resources */ = {isa = PBXBuildFile; fileRef = FF18E9B22266092400AD7DF2 /* message01.png */; };
		FF18E9B6226612FF00AD7DF2 /* Take.png in Resources */ = {isa = PBXBuildFile; fileRef = FF18E9B5226612FD00AD7DF2 /* Take.png */; };
		FF18E9B82266138000AD7DF2 /* search.png in Resources */ = {isa = PBXBuildFile; fileRef = FF18E9B72266138000AD7DF2 /* search.png */; };
		FF18E9BA22674B7800AD7DF2 /* AuthEmailLoginViewController.swift in Sources */ = {isa = PBXBuildFile; fileRef = FF18E9B922674B7800AD7DF2 /* AuthEmailLoginViewController.swift */; };
		FF7399F2225B658A0015890A /* OauthLoginViewController.swift in Sources */ = {isa = PBXBuildFile; fileRef = FF7399F1225B658A0015890A /* OauthLoginViewController.swift */; };
		FF7399F4225BC5BC0015890A /* OauthPasswordViewController.swift in Sources */ = {isa = PBXBuildFile; fileRef = FF7399F3225BC5BC0015890A /* OauthPasswordViewController.swift */; };
		FF7399F6225BDEF80015890A /* UIMainTabbarViewController.swift in Sources */ = {isa = PBXBuildFile; fileRef = FF7399F5225BDEF80015890A /* UIMainTabbarViewController.swift */; };
		FF7399F8225C15320015890A /* MainChildViewController.swift in Sources */ = {isa = PBXBuildFile; fileRef = FF7399F7225C15310015890A /* MainChildViewController.swift */; };
		FF7399FA225D071B0015890A /* OauthNameViewController.swift in Sources */ = {isa = PBXBuildFile; fileRef = FF7399F9225D071B0015890A /* OauthNameViewController.swift */; };
/* End PBXBuildFile section */

/* Begin PBXFileReference section */
		61E1D2AE86505CA1593324FE /* Pods-Rx_Observable_Test03.release.xcconfig */ = {isa = PBXFileReference; includeInIndex = 1; lastKnownFileType = text.xcconfig; name = "Pods-Rx_Observable_Test03.release.xcconfig"; path = "Pods/Target Support Files/Pods-Rx_Observable_Test03/Pods-Rx_Observable_Test03.release.xcconfig"; sourceTree = "<group>"; };
		BBADBD109DCCB007D8D05A74 /* Pods-Rx_Observable_Test03.debug.xcconfig */ = {isa = PBXFileReference; includeInIndex = 1; lastKnownFileType = text.xcconfig; name = "Pods-Rx_Observable_Test03.debug.xcconfig"; path = "Pods/Target Support Files/Pods-Rx_Observable_Test03/Pods-Rx_Observable_Test03.debug.xcconfig"; sourceTree = "<group>"; };
		BC1572829D6D543582A07151 /* Pods-Rx_Observable_Test03.debug.xcconfig */ = {isa = PBXFileReference; includeInIndex = 1; lastKnownFileType = text.xcconfig; name = "Pods-Rx_Observable_Test03.debug.xcconfig"; path = "Target Support Files/Pods-Rx_Observable_Test03/Pods-Rx_Observable_Test03.debug.xcconfig"; sourceTree = "<group>"; };
		C126F36C4B1CBACEF6B6C9DC /* Pods_Rx_Observable_Test03.framework */ = {isa = PBXFileReference; explicitFileType = wrapper.framework; includeInIndex = 0; path = Pods_Rx_Observable_Test03.framework; sourceTree = BUILT_PRODUCTS_DIR; };
		D13508E62236C9AF00AD5D61 /* Rx_Observable_Test03.app */ = {isa = PBXFileReference; explicitFileType = wrapper.application; includeInIndex = 0; path = Rx_Observable_Test03.app; sourceTree = BUILT_PRODUCTS_DIR; };
		D13508E92236C9AF00AD5D61 /* AppDelegate.swift */ = {isa = PBXFileReference; lastKnownFileType = sourcecode.swift; path = AppDelegate.swift; sourceTree = "<group>"; };
		D13508EB2236C9AF00AD5D61 /* ViewController.swift */ = {isa = PBXFileReference; lastKnownFileType = sourcecode.swift; path = ViewController.swift; sourceTree = "<group>"; };
		D13508EE2236C9AF00AD5D61 /* Base */ = {isa = PBXFileReference; lastKnownFileType = file.storyboard; name = Base; path = Base.lproj/Main.storyboard; sourceTree = "<group>"; };
		D13508F12236C9AF00AD5D61 /* Rx_Observable_Test03.xcdatamodel */ = {isa = PBXFileReference; lastKnownFileType = wrapper.xcdatamodel; path = Rx_Observable_Test03.xcdatamodel; sourceTree = "<group>"; };
		D13508F32236C9D600AD5D61 /* Assets.xcassets */ = {isa = PBXFileReference; lastKnownFileType = folder.assetcatalog; path = Assets.xcassets; sourceTree = "<group>"; };
		D13508F62236C9D600AD5D61 /* Base */ = {isa = PBXFileReference; lastKnownFileType = file.storyboard; name = Base; path = Base.lproj/LaunchScreen.storyboard; sourceTree = "<group>"; };
		D13508F82236C9D600AD5D61 /* Info.plist */ = {isa = PBXFileReference; lastKnownFileType = text.plist.xml; path = Info.plist; sourceTree = "<group>"; };
		D13508FE2236CCB800AD5D61 /* Rx_Test01.playground */ = {isa = PBXFileReference; lastKnownFileType = file.playground; path = Rx_Test01.playground; sourceTree = "<group>"; xcLanguageSpecificationIdentifier = xcode.lang.swift; };
		D135090C2236CD8C00AD5D61 /* RxCocoa.framework */ = {isa = PBXFileReference; explicitFileType = wrapper.framework; path = RxCocoa.framework; sourceTree = BUILT_PRODUCTS_DIR; };
		D135090E2236CD8C00AD5D61 /* RxSwift.framework */ = {isa = PBXFileReference; explicitFileType = wrapper.framework; path = RxSwift.framework; sourceTree = BUILT_PRODUCTS_DIR; };
		D1613B842242D44200837D2B /* CategoryColletionCell.swift */ = {isa = PBXFileReference; lastKnownFileType = sourcecode.swift; path = CategoryColletionCell.swift; sourceTree = "<group>"; };
		D1613B852242D44200837D2B /* CategoryColletionCell.xib */ = {isa = PBXFileReference; lastKnownFileType = file.xib; path = CategoryColletionCell.xib; sourceTree = "<group>"; };
		D1613B882242E16F00837D2B /* Test03.jpg */ = {isa = PBXFileReference; lastKnownFileType = image.jpeg; path = Test03.jpg; sourceTree = "<group>"; };
		D1613B8B2253E4BF00837D2B /* LoginViewController.swift */ = {isa = PBXFileReference; lastKnownFileType = sourcecode.swift; path = LoginViewController.swift; sourceTree = "<group>"; };
		D1613B8D2253E83A00837D2B /* UIMainNaviViewController.swift */ = {isa = PBXFileReference; lastKnownFileType = sourcecode.swift; path = UIMainNaviViewController.swift; sourceTree = "<group>"; };
		D18FF31A2240122C0020C698 /* Test01.jpg */ = {isa = PBXFileReference; lastKnownFileType = image.jpeg; path = Test01.jpg; sourceTree = "<group>"; };
		D1AF3142224158EF004CB64A /* CustomCollectionCell.swift */ = {isa = PBXFileReference; lastKnownFileType = sourcecode.swift; path = CustomCollectionCell.swift; sourceTree = "<group>"; };
		D1AF3143224158EF004CB64A /* CustomCollectionCell.xib */ = {isa = PBXFileReference; lastKnownFileType = file.xib; path = CustomCollectionCell.xib; sourceTree = "<group>"; };
		D1AF314622417EA3004CB64A /* MainHeaderView.swift */ = {isa = PBXFileReference; lastKnownFileType = sourcecode.swift; path = MainHeaderView.swift; sourceTree = "<group>"; };
		FC209FCCBAFBEF9EA33055A5 /* Pods-Rx_Observable_Test03.release.xcconfig */ = {isa = PBXFileReference; includeInIndex = 1; lastKnownFileType = text.xcconfig; name = "Pods-Rx_Observable_Test03.release.xcconfig"; path = "Target Support Files/Pods-Rx_Observable_Test03/Pods-Rx_Observable_Test03.release.xcconfig"; sourceTree = "<group>"; };
		FF18E996225E51C600AD7DF2 /* TotalLoginViewController.swift */ = {isa = PBXFileReference; lastKnownFileType = sourcecode.swift; path = TotalLoginViewController.swift; sourceTree = "<group>"; };
		FF18E998225E6B8000AD7DF2 /* UITotalLoginNaviViewController.swift */ = {isa = PBXFileReference; lastKnownFileType = sourcecode.swift; path = UITotalLoginNaviViewController.swift; sourceTree = "<group>"; };
		FF18E99E225E7D2700AD7DF2 /* OauthGoolgeLoginx2.png */ = {isa = PBXFileReference; lastKnownFileType = image.png; path = OauthGoolgeLoginx2.png; sourceTree = "<group>"; };
		FF18E9A82264F01700AD7DF2 /* Kakaologin.png */ = {isa = PBXFileReference; lastKnownFileType = image.png; path = Kakaologin.png; sourceTree = "<group>"; };
		FF18E9AC226501E300AD7DF2 /* GoogleLoginSmall.png */ = {isa = PBXFileReference; lastKnownFileType = image.png; path = GoogleLoginSmall.png; sourceTree = "<group>"; };
		FF18E9B0226608C600AD7DF2 /* message02.png */ = {isa = PBXFileReference; lastKnownFileType = image.png; path = message02.png; sourceTree = "<group>"; };
		FF18E9B22266092400AD7DF2 /* message01.png */ = {isa = PBXFileReference; lastKnownFileType = image.png; path = message01.png; sourceTree = "<group>"; };
		FF18E9B5226612FD00AD7DF2 /* Take.png */ = {isa = PBXFileReference; lastKnownFileType = image.png; path = Take.png; sourceTree = "<group>"; };
		FF18E9B72266138000AD7DF2 /* search.png */ = {isa = PBXFileReference; lastKnownFileType = image.png; path = search.png; sourceTree = "<group>"; };
		FF18E9B922674B7800AD7DF2 /* AuthEmailLoginViewController.swift */ = {isa = PBXFileReference; lastKnownFileType = sourcecode.swift; path = AuthEmailLoginViewController.swift; sourceTree = "<group>"; };
		FF7399F1225B658A0015890A /* OauthLoginViewController.swift */ = {isa = PBXFileReference; lastKnownFileType = sourcecode.swift; path = OauthLoginViewController.swift; sourceTree = "<group>"; };
		FF7399F3225BC5BC0015890A /* OauthPasswordViewController.swift */ = {isa = PBXFileReference; lastKnownFileType = sourcecode.swift; path = OauthPasswordViewController.swift; sourceTree = "<group>"; };
		FF7399F5225BDEF80015890A /* UIMainTabbarViewController.swift */ = {isa = PBXFileReference; lastKnownFileType = sourcecode.swift; path = UIMainTabbarViewController.swift; sourceTree = "<group>"; };
		FF7399F7225C15310015890A /* MainChildViewController.swift */ = {isa = PBXFileReference; lastKnownFileType = sourcecode.swift; path = MainChildViewController.swift; sourceTree = "<group>"; };
		FF7399F9225D071B0015890A /* OauthNameViewController.swift */ = {isa = PBXFileReference; lastKnownFileType = sourcecode.swift; path = OauthNameViewController.swift; sourceTree = "<group>"; };
/* End PBXFileReference section */

/* Begin PBXFrameworksBuildPhase section */
		D13508E32236C9AF00AD5D61 /* Frameworks */ = {
			isa = PBXFrameworksBuildPhase;
			buildActionMask = 2147483647;
			files = (
				0D45FE073EBD3D29E86E179B /* Pods_Rx_Observable_Test03.framework in Frameworks */,
			);
			runOnlyForDeploymentPostprocessing = 0;
		};
/* End PBXFrameworksBuildPhase section */

/* Begin PBXGroup section */
		185C02A0948D130345709402 /* Pods */ = {
			isa = PBXGroup;
			children = (
				BC1572829D6D543582A07151 /* Pods-Rx_Observable_Test03.debug.xcconfig */,
				FC209FCCBAFBEF9EA33055A5 /* Pods-Rx_Observable_Test03.release.xcconfig */,
				BBADBD109DCCB007D8D05A74 /* Pods-Rx_Observable_Test03.debug.xcconfig */,
				61E1D2AE86505CA1593324FE /* Pods-Rx_Observable_Test03.release.xcconfig */,
			);
			path = Pods;
			sourceTree = "<group>";
		};
		530B3A55902FE149A06E6E18 /* Frameworks */ = {
			isa = PBXGroup;
			children = (
				D135090C2236CD8C00AD5D61 /* RxCocoa.framework */,
				D135090E2236CD8C00AD5D61 /* RxSwift.framework */,
				C126F36C4B1CBACEF6B6C9DC /* Pods_Rx_Observable_Test03.framework */,
			);
			name = Frameworks;
			sourceTree = "<group>";
		};
		D13508DD2236C9AF00AD5D61 = {
			isa = PBXGroup;
			children = (
				D1AF3142224158EF004CB64A /* CustomCollectionCell.swift */,
				D1AF3143224158EF004CB64A /* CustomCollectionCell.xib */,
				D13508FE2236CCB800AD5D61 /* Rx_Test01.playground */,
				D13508E82236C9AF00AD5D61 /* Rx_Observable_Test03 */,
				D13508E72236C9AF00AD5D61 /* Products */,
				185C02A0948D130345709402 /* Pods */,
				530B3A55902FE149A06E6E18 /* Frameworks */,
			);
			sourceTree = "<group>";
		};
		D13508E72236C9AF00AD5D61 /* Products */ = {
			isa = PBXGroup;
			children = (
				D13508E62236C9AF00AD5D61 /* Rx_Observable_Test03.app */,
			);
			name = Products;
			sourceTree = "<group>";
		};
		D13508E82236C9AF00AD5D61 /* Rx_Observable_Test03 */ = {
			isa = PBXGroup;
			children = (
				FF18E9B422660D4100AD7DF2 /* ImageFolder */,
				D1613B8D2253E83A00837D2B /* UIMainNaviViewController.swift */,
				D1613B8B2253E4BF00837D2B /* LoginViewController.swift */,
				FF7399F3225BC5BC0015890A /* OauthPasswordViewController.swift */,
				FF7399F1225B658A0015890A /* OauthLoginViewController.swift */,
				FF7399F9225D071B0015890A /* OauthNameViewController.swift */,
				D13508E92236C9AF00AD5D61 /* AppDelegate.swift */,
				D13508EB2236C9AF00AD5D61 /* ViewController.swift */,
				D13508ED2236C9AF00AD5D61 /* Main.storyboard */,
				D13508F32236C9D600AD5D61 /* Assets.xcassets */,
				D13508F52236C9D600AD5D61 /* LaunchScreen.storyboard */,
				D13508F82236C9D600AD5D61 /* Info.plist */,
				D13508F02236C9AF00AD5D61 /* Rx_Observable_Test03.xcdatamodeld */,
				D1AF314622417EA3004CB64A /* MainHeaderView.swift */,
				D1613B842242D44200837D2B /* CategoryColletionCell.swift */,
				D1613B852242D44200837D2B /* CategoryColletionCell.xib */,
				FF7399F5225BDEF80015890A /* UIMainTabbarViewController.swift */,
				FF7399F7225C15310015890A /* MainChildViewController.swift */,
				FF18E996225E51C600AD7DF2 /* TotalLoginViewController.swift */,
				FF18E998225E6B8000AD7DF2 /* UITotalLoginNaviViewController.swift */,
				FF18E9B922674B7800AD7DF2 /* AuthEmailLoginViewController.swift */,
			);
			path = Rx_Observable_Test03;
			sourceTree = "<group>";
		};
		FF18E9B422660D4100AD7DF2 /* ImageFolder */ = {
			isa = PBXGroup;
			children = (
				D18FF31A2240122C0020C698 /* Test01.jpg */,
				D1613B882242E16F00837D2B /* Test03.jpg */,
				FF18E9A82264F01700AD7DF2 /* Kakaologin.png */,
				FF18E9AC226501E300AD7DF2 /* GoogleLoginSmall.png */,
				FF18E9B0226608C600AD7DF2 /* message02.png */,
				FF18E9B72266138000AD7DF2 /* search.png */,
				FF18E9B5226612FD00AD7DF2 /* Take.png */,
				FF18E9B22266092400AD7DF2 /* message01.png */,
				FF18E99E225E7D2700AD7DF2 /* OauthGoolgeLoginx2.png */,
			);
			path = ImageFolder;
			sourceTree = "<group>";
		};
/* End PBXGroup section */

/* Begin PBXNativeTarget section */
		D13508E52236C9AF00AD5D61 /* Rx_Observable_Test03 */ = {
			isa = PBXNativeTarget;
			buildConfigurationList = D13508FB2236C9D600AD5D61 /* Build configuration list for PBXNativeTarget "Rx_Observable_Test03" */;
			buildPhases = (
				59760F6A5E761DA60DBD46EF /* [CP] Check Pods Manifest.lock */,
				D13508E22236C9AF00AD5D61 /* Sources */,
				D13508E32236C9AF00AD5D61 /* Frameworks */,
				D13508E42236C9AF00AD5D61 /* Resources */,
				B96ECB48D84D70BA7CD73F5C /* [CP] Embed Pods Frameworks */,
			);
			buildRules = (
			);
			dependencies = (
			);
			name = Rx_Observable_Test03;
			productName = Rx_Observable_Test03;
			productReference = D13508E62236C9AF00AD5D61 /* Rx_Observable_Test03.app */;
			productType = "com.apple.product-type.application";
		};
/* End PBXNativeTarget section */

/* Begin PBXProject section */
		D13508DE2236C9AF00AD5D61 /* Project object */ = {
			isa = PBXProject;
			attributes = {
				LastSwiftUpdateCheck = 1010;
				LastUpgradeCheck = 1010;
				ORGANIZATIONNAME = "김도현";
				TargetAttributes = {
					D13508E52236C9AF00AD5D61 = {
						CreatedOnToolsVersion = 10.1;
					};
				};
			};
			buildConfigurationList = D13508E12236C9AF00AD5D61 /* Build configuration list for PBXProject "Rx_Observable_Test03" */;
			compatibilityVersion = "Xcode 9.3";
			developmentRegion = en;
			hasScannedForEncodings = 0;
			knownRegions = (
				en,
				Base,
			);
			mainGroup = D13508DD2236C9AF00AD5D61;
			productRefGroup = D13508E72236C9AF00AD5D61 /* Products */;
			projectDirPath = "";
			projectRoot = "";
			targets = (
				D13508E52236C9AF00AD5D61 /* Rx_Observable_Test03 */,
			);
		};
/* End PBXProject section */

/* Begin PBXResourcesBuildPhase section */
		D13508E42236C9AF00AD5D61 /* Resources */ = {
			isa = PBXResourcesBuildPhase;
			buildActionMask = 2147483647;
			files = (
				D1613B892242E17000837D2B /* Test03.jpg in Resources */,
				FF18E9AD226501E300AD7DF2 /* GoogleLoginSmall.png in Resources */,
				FF18E9B32266092400AD7DF2 /* message01.png in Resources */,
				FF18E9B82266138000AD7DF2 /* search.png in Resources */,
				FF18E99F225E7D2700AD7DF2 /* OauthGoolgeLoginx2.png in Resources */,
				D13508F72236C9D600AD5D61 /* LaunchScreen.storyboard in Resources */,
				FF18E9A92264F01700AD7DF2 /* Kakaologin.png in Resources */,
				D1613B872242D44200837D2B /* CategoryColletionCell.xib in Resources */,
				FF18E9B6226612FF00AD7DF2 /* Take.png in Resources */,
				D13508F42236C9D600AD5D61 /* Assets.xcassets in Resources */,
				D18FF31B2240122D0020C698 /* Test01.jpg in Resources */,
				D1AF3145224158EF004CB64A /* CustomCollectionCell.xib in Resources */,
				D13508EF2236C9AF00AD5D61 /* Main.storyboard in Resources */,
				FF18E9B1226608C600AD7DF2 /* message02.png in Resources */,
			);
			runOnlyForDeploymentPostprocessing = 0;
		};
/* End PBXResourcesBuildPhase section */

/* Begin PBXShellScriptBuildPhase section */
		59760F6A5E761DA60DBD46EF /* [CP] Check Pods Manifest.lock */ = {
			isa = PBXShellScriptBuildPhase;
			buildActionMask = 2147483647;
			files = (
			);
			inputPaths = (
				"${PODS_PODFILE_DIR_PATH}/Podfile.lock",
				"${PODS_ROOT}/Manifest.lock",
			);
			name = "[CP] Check Pods Manifest.lock";
			outputPaths = (
				"$(DERIVED_FILE_DIR)/Pods-Rx_Observable_Test03-checkManifestLockResult.txt",
			);
			runOnlyForDeploymentPostprocessing = 0;
			shellPath = /bin/sh;
			shellScript = "diff \"${PODS_PODFILE_DIR_PATH}/Podfile.lock\" \"${PODS_ROOT}/Manifest.lock\" > /dev/null\nif [ $? != 0 ] ; then\n    # print error to STDERR\n    echo \"error: The sandbox is not in sync with the Podfile.lock. Run 'pod install' or update your CocoaPods installation.\" >&2\n    exit 1\nfi\n# This output is used by Xcode 'outputs' to avoid re-running this script phase.\necho \"SUCCESS\" > \"${SCRIPT_OUTPUT_FILE_0}\"\n";
			showEnvVarsInLog = 0;
		};
		B96ECB48D84D70BA7CD73F5C /* [CP] Embed Pods Frameworks */ = {
			isa = PBXShellScriptBuildPhase;
			buildActionMask = 2147483647;
			files = (
			);
			inputPaths = (
				"${SRCROOT}/Pods/Target Support Files/Pods-Rx_Observable_Test03/Pods-Rx_Observable_Test03-frameworks.sh",
				"${BUILT_PRODUCTS_DIR}/Alamofire/Alamofire.framework",
				"${BUILT_PRODUCTS_DIR}/Bolts/Bolts.framework",
				"${BUILT_PRODUCTS_DIR}/FBSDKCoreKit/FBSDKCoreKit.framework",
				"${BUILT_PRODUCTS_DIR}/FBSDKLoginKit/FBSDKLoginKit.framework",
				"${BUILT_PRODUCTS_DIR}/FacebookCore/FacebookCore.framework",
				"${BUILT_PRODUCTS_DIR}/FacebookLogin/FacebookLogin.framework",
				"${BUILT_PRODUCTS_DIR}/Realm/Realm.framework",
				"${BUILT_PRODUCTS_DIR}/RealmSwift/RealmSwift.framework",
				"${BUILT_PRODUCTS_DIR}/RxAlamofire/RxAlamofire.framework",
				"${BUILT_PRODUCTS_DIR}/RxAtomic/RxAtomic.framework",
				"${BUILT_PRODUCTS_DIR}/RxCocoa/RxCocoa.framework",
				"${BUILT_PRODUCTS_DIR}/RxFacebook/RxFacebook.framework",
				"${BUILT_PRODUCTS_DIR}/RxRealm/RxRealm.framework",
				"${BUILT_PRODUCTS_DIR}/RxSwift/RxSwift.framework",
			);
			name = "[CP] Embed Pods Frameworks";
			outputPaths = (
				"${TARGET_BUILD_DIR}/${FRAMEWORKS_FOLDER_PATH}/Alamofire.framework",
				"${TARGET_BUILD_DIR}/${FRAMEWORKS_FOLDER_PATH}/Bolts.framework",
				"${TARGET_BUILD_DIR}/${FRAMEWORKS_FOLDER_PATH}/FBSDKCoreKit.framework",
				"${TARGET_BUILD_DIR}/${FRAMEWORKS_FOLDER_PATH}/FBSDKLoginKit.framework",
				"${TARGET_BUILD_DIR}/${FRAMEWORKS_FOLDER_PATH}/FacebookCore.framework",
				"${TARGET_BUILD_DIR}/${FRAMEWORKS_FOLDER_PATH}/FacebookLogin.framework",
				"${TARGET_BUILD_DIR}/${FRAMEWORKS_FOLDER_PATH}/Realm.framework",
				"${TARGET_BUILD_DIR}/${FRAMEWORKS_FOLDER_PATH}/RealmSwift.framework",
				"${TARGET_BUILD_DIR}/${FRAMEWORKS_FOLDER_PATH}/RxAlamofire.framework",
				"${TARGET_BUILD_DIR}/${FRAMEWORKS_FOLDER_PATH}/RxAtomic.framework",
				"${TARGET_BUILD_DIR}/${FRAMEWORKS_FOLDER_PATH}/RxCocoa.framework",
				"${TARGET_BUILD_DIR}/${FRAMEWORKS_FOLDER_PATH}/RxFacebook.framework",
				"${TARGET_BUILD_DIR}/${FRAMEWORKS_FOLDER_PATH}/RxRealm.framework",
				"${TARGET_BUILD_DIR}/${FRAMEWORKS_FOLDER_PATH}/RxSwift.framework",
			);
			runOnlyForDeploymentPostprocessing = 0;
			shellPath = /bin/sh;
			shellScript = "\"${SRCROOT}/Pods/Target Support Files/Pods-Rx_Observable_Test03/Pods-Rx_Observable_Test03-frameworks.sh\"\n";
			showEnvVarsInLog = 0;
		};
/* End PBXShellScriptBuildPhase section */

/* Begin PBXSourcesBuildPhase section */
		D13508E22236C9AF00AD5D61 /* Sources */ = {
			isa = PBXSourcesBuildPhase;
			buildActionMask = 2147483647;
			files = (
				FF7399F8225C15320015890A /* MainChildViewController.swift in Sources */,
				D1613B8C2253E4BF00837D2B /* LoginViewController.swift in Sources */,
				D1613B8E2253E83A00837D2B /* UIMainNaviViewController.swift in Sources */,
				D1AF314722417EA3004CB64A /* MainHeaderView.swift in Sources */,
				FF7399F6225BDEF80015890A /* UIMainTabbarViewController.swift in Sources */,
				FF18E997225E51C600AD7DF2 /* TotalLoginViewController.swift in Sources */,
				FF7399FA225D071B0015890A /* OauthNameViewController.swift in Sources */,
				D1AF3144224158EF004CB64A /* CustomCollectionCell.swift in Sources */,
				D13508F22236C9AF00AD5D61 /* Rx_Observable_Test03.xcdatamodeld in Sources */,
				D13508EC2236C9AF00AD5D61 /* ViewController.swift in Sources */,
				FF18E999225E6B8000AD7DF2 /* UITotalLoginNaviViewController.swift in Sources */,
				FF18E9BA22674B7800AD7DF2 /* AuthEmailLoginViewController.swift in Sources */,
				FF7399F2225B658A0015890A /* OauthLoginViewController.swift in Sources */,
				D13508EA2236C9AF00AD5D61 /* AppDelegate.swift in Sources */,
				D1613B862242D44200837D2B /* CategoryColletionCell.swift in Sources */,
				FF7399F4225BC5BC0015890A /* OauthPasswordViewController.swift in Sources */,
			);
			runOnlyForDeploymentPostprocessing = 0;
		};
/* End PBXSourcesBuildPhase section */

/* Begin PBXVariantGroup section */
		D13508ED2236C9AF00AD5D61 /* Main.storyboard */ = {
			isa = PBXVariantGroup;
			children = (
				D13508EE2236C9AF00AD5D61 /* Base */,
			);
			name = Main.storyboard;
			sourceTree = "<group>";
		};
		D13508F52236C9D600AD5D61 /* LaunchScreen.storyboard */ = {
			isa = PBXVariantGroup;
			children = (
				D13508F62236C9D600AD5D61 /* Base */,
			);
			name = LaunchScreen.storyboard;
			sourceTree = "<group>";
		};
/* End PBXVariantGroup section */

/* Begin XCBuildConfiguration section */
		D13508F92236C9D600AD5D61 /* Debug */ = {
			isa = XCBuildConfiguration;
			buildSettings = {
				ALWAYS_SEARCH_USER_PATHS = NO;
				CLANG_ANALYZER_NONNULL = YES;
				CLANG_ANALYZER_NUMBER_OBJECT_CONVERSION = YES_AGGRESSIVE;
				CLANG_CXX_LANGUAGE_STANDARD = "gnu++14";
				CLANG_CXX_LIBRARY = "libc++";
				CLANG_ENABLE_MODULES = YES;
				CLANG_ENABLE_OBJC_ARC = YES;
				CLANG_ENABLE_OBJC_WEAK = YES;
				CLANG_WARN_BLOCK_CAPTURE_AUTORELEASING = YES;
				CLANG_WARN_BOOL_CONVERSION = YES;
				CLANG_WARN_COMMA = YES;
				CLANG_WARN_CONSTANT_CONVERSION = YES;
				CLANG_WARN_DEPRECATED_OBJC_IMPLEMENTATIONS = YES;
				CLANG_WARN_DIRECT_OBJC_ISA_USAGE = YES_ERROR;
				CLANG_WARN_DOCUMENTATION_COMMENTS = YES;
				CLANG_WARN_EMPTY_BODY = YES;
				CLANG_WARN_ENUM_CONVERSION = YES;
				CLANG_WARN_INFINITE_RECURSION = YES;
				CLANG_WARN_INT_CONVERSION = YES;
				CLANG_WARN_NON_LITERAL_NULL_CONVERSION = YES;
				CLANG_WARN_OBJC_IMPLICIT_RETAIN_SELF = YES;
				CLANG_WARN_OBJC_LITERAL_CONVERSION = YES;
				CLANG_WARN_OBJC_ROOT_CLASS = YES_ERROR;
				CLANG_WARN_RANGE_LOOP_ANALYSIS = YES;
				CLANG_WARN_STRICT_PROTOTYPES = YES;
				CLANG_WARN_SUSPICIOUS_MOVE = YES;
				CLANG_WARN_UNGUARDED_AVAILABILITY = YES_AGGRESSIVE;
				CLANG_WARN_UNREACHABLE_CODE = YES;
				CLANG_WARN__DUPLICATE_METHOD_MATCH = YES;
				CODE_SIGN_IDENTITY = "iPhone Developer";
				COPY_PHASE_STRIP = NO;
				DEBUG_INFORMATION_FORMAT = dwarf;
				ENABLE_STRICT_OBJC_MSGSEND = YES;
				ENABLE_TESTABILITY = YES;
				GCC_C_LANGUAGE_STANDARD = gnu11;
				GCC_DYNAMIC_NO_PIC = NO;
				GCC_NO_COMMON_BLOCKS = YES;
				GCC_OPTIMIZATION_LEVEL = 0;
				GCC_PREPROCESSOR_DEFINITIONS = (
					"DEBUG=1",
					"$(inherited)",
				);
				GCC_WARN_64_TO_32_BIT_CONVERSION = YES;
				GCC_WARN_ABOUT_RETURN_TYPE = YES_ERROR;
				GCC_WARN_UNDECLARED_SELECTOR = YES;
				GCC_WARN_UNINITIALIZED_AUTOS = YES_AGGRESSIVE;
				GCC_WARN_UNUSED_FUNCTION = YES;
				GCC_WARN_UNUSED_VARIABLE = YES;
				IPHONEOS_DEPLOYMENT_TARGET = 12.1;
				MTL_ENABLE_DEBUG_INFO = INCLUDE_SOURCE;
				MTL_FAST_MATH = YES;
				ONLY_ACTIVE_ARCH = YES;
				SDKROOT = iphoneos;
				SWIFT_ACTIVE_COMPILATION_CONDITIONS = DEBUG;
				SWIFT_OPTIMIZATION_LEVEL = "-Onone";
			};
			name = Debug;
		};
		D13508FA2236C9D600AD5D61 /* Release */ = {
			isa = XCBuildConfiguration;
			buildSettings = {
				ALWAYS_SEARCH_USER_PATHS = NO;
				CLANG_ANALYZER_NONNULL = YES;
				CLANG_ANALYZER_NUMBER_OBJECT_CONVERSION = YES_AGGRESSIVE;
				CLANG_CXX_LANGUAGE_STANDARD = "gnu++14";
				CLANG_CXX_LIBRARY = "libc++";
				CLANG_ENABLE_MODULES = YES;
				CLANG_ENABLE_OBJC_ARC = YES;
				CLANG_ENABLE_OBJC_WEAK = YES;
				CLANG_WARN_BLOCK_CAPTURE_AUTORELEASING = YES;
				CLANG_WARN_BOOL_CONVERSION = YES;
				CLANG_WARN_COMMA = YES;
				CLANG_WARN_CONSTANT_CONVERSION = YES;
				CLANG_WARN_DEPRECATED_OBJC_IMPLEMENTATIONS = YES;
				CLANG_WARN_DIRECT_OBJC_ISA_USAGE = YES_ERROR;
				CLANG_WARN_DOCUMENTATION_COMMENTS = YES;
				CLANG_WARN_EMPTY_BODY = YES;
				CLANG_WARN_ENUM_CONVERSION = YES;
				CLANG_WARN_INFINITE_RECURSION = YES;
				CLANG_WARN_INT_CONVERSION = YES;
				CLANG_WARN_NON_LITERAL_NULL_CONVERSION = YES;
				CLANG_WARN_OBJC_IMPLICIT_RETAIN_SELF = YES;
				CLANG_WARN_OBJC_LITERAL_CONVERSION = YES;
				CLANG_WARN_OBJC_ROOT_CLASS = YES_ERROR;
				CLANG_WARN_RANGE_LOOP_ANALYSIS = YES;
				CLANG_WARN_STRICT_PROTOTYPES = YES;
				CLANG_WARN_SUSPICIOUS_MOVE = YES;
				CLANG_WARN_UNGUARDED_AVAILABILITY = YES_AGGRESSIVE;
				CLANG_WARN_UNREACHABLE_CODE = YES;
				CLANG_WARN__DUPLICATE_METHOD_MATCH = YES;
				CODE_SIGN_IDENTITY = "iPhone Developer";
				COPY_PHASE_STRIP = NO;
				DEBUG_INFORMATION_FORMAT = "dwarf-with-dsym";
				ENABLE_NS_ASSERTIONS = NO;
				ENABLE_STRICT_OBJC_MSGSEND = YES;
				GCC_C_LANGUAGE_STANDARD = gnu11;
				GCC_NO_COMMON_BLOCKS = YES;
				GCC_WARN_64_TO_32_BIT_CONVERSION = YES;
				GCC_WARN_ABOUT_RETURN_TYPE = YES_ERROR;
				GCC_WARN_UNDECLARED_SELECTOR = YES;
				GCC_WARN_UNINITIALIZED_AUTOS = YES_AGGRESSIVE;
				GCC_WARN_UNUSED_FUNCTION = YES;
				GCC_WARN_UNUSED_VARIABLE = YES;
				IPHONEOS_DEPLOYMENT_TARGET = 12.1;
				MTL_ENABLE_DEBUG_INFO = NO;
				MTL_FAST_MATH = YES;
				SDKROOT = iphoneos;
				SWIFT_COMPILATION_MODE = wholemodule;
				SWIFT_OPTIMIZATION_LEVEL = "-O";
				VALIDATE_PRODUCT = YES;
			};
			name = Release;
		};
		D13508FC2236C9D600AD5D61 /* Debug */ = {
			isa = XCBuildConfiguration;
			baseConfigurationReference = BC1572829D6D543582A07151 /* Pods-Rx_Observable_Test03.debug.xcconfig */;
			buildSettings = {
				ASSETCATALOG_COMPILER_APPICON_NAME = AppIcon;
				CODE_SIGN_STYLE = Automatic;
				DEVELOPMENT_TEAM = XKA22N2KHA;
				FRAMEWORK_SEARCH_PATHS = (
					"$(inherited)",
					"\"${PODS_CONFIGURATION_BUILD_DIR}/RxCocoa\"",
					"\"${PODS_CONFIGURATION_BUILD_DIR}/RxSwift\"",
					"-all_load",
				);
				"FRAMEWORK_SEARCH_PATHS[arch=*]" = (
					"$(inherited)",
					"\"${PODS_CONFIGURATION_BUILD_DIR}/RxCocoa\"",
					"\"${PODS_CONFIGURATION_BUILD_DIR}/RxSwift\"",
				);
				INFOPLIST_FILE = Rx_Observable_Test03/Info.plist;
				LD_RUNPATH_SEARCH_PATHS = (
					"$(inherited)",
					"@executable_path/Frameworks",
				);
				PRODUCT_BUNDLE_IDENTIFIER = "com.Rx-Observable-Test03";
				PRODUCT_NAME = "$(TARGET_NAME)";
				SWIFT_VERSION = 4.2;
				TARGETED_DEVICE_FAMILY = "1,2";
			};
			name = Debug;
		};
		D13508FD2236C9D600AD5D61 /* Release */ = {
			isa = XCBuildConfiguration;
			baseConfigurationReference = 61E1D2AE86505CA1593324FE /* Pods-Rx_Observable_Test03.release.xcconfig */;
			buildSettings = {
				ASSETCATALOG_COMPILER_APPICON_NAME = AppIcon;
				CODE_SIGN_STYLE = Automatic;
				DEVELOPMENT_TEAM = XKA22N2KHA;
				INFOPLIST_FILE = Rx_Observable_Test03/Info.plist;
				LD_RUNPATH_SEARCH_PATHS = (
					"$(inherited)",
					"@executable_path/Frameworks",
				);
				PRODUCT_BUNDLE_IDENTIFIER = "com.Rx-Observable-Test03";
				PRODUCT_NAME = "$(TARGET_NAME)";
				SWIFT_VERSION = 4.2;
				TARGETED_DEVICE_FAMILY = "1,2";
			};
			name = Release;
		};
/* End XCBuildConfiguration section */

/* Begin XCConfigurationList section */
		D13508E12236C9AF00AD5D61 /* Build configuration list for PBXProject "Rx_Observable_Test03" */ = {
			isa = XCConfigurationList;
			buildConfigurations = (
				D13508F92236C9D600AD5D61 /* Debug */,
				D13508FA2236C9D600AD5D61 /* Release */,
			);
			defaultConfigurationIsVisible = 0;
			defaultConfigurationName = Release;
		};
		D13508FB2236C9D600AD5D61 /* Build configuration list for PBXNativeTarget "Rx_Observable_Test03" */ = {
			isa = XCConfigurationList;
			buildConfigurations = (
				D13508FC2236C9D600AD5D61 /* Debug */,
				D13508FD2236C9D600AD5D61 /* Release */,
			);
			defaultConfigurationIsVisible = 0;
			defaultConfigurationName = Release;
		};
/* End XCConfigurationList section */

/* Begin XCVersionGroup section */
		D13508F02236C9AF00AD5D61 /* Rx_Observable_Test03.xcdatamodeld */ = {
			isa = XCVersionGroup;
			children = (
				D13508F12236C9AF00AD5D61 /* Rx_Observable_Test03.xcdatamodel */,
			);
			currentVersion = D13508F12236C9AF00AD5D61 /* Rx_Observable_Test03.xcdatamodel */;
			path = Rx_Observable_Test03.xcdatamodeld;
			sourceTree = "<group>";
			versionGroupType = wrapper.xcdatamodel;
		};
/* End XCVersionGroup section */
	};
	rootObject = D13508DE2236C9AF00AD5D61 /* Project object */;
}
